
Microsoft Visual Studio Solution File, Format Version 12.00
# Visual Studio Version 17
VisualStudioVersion = 17.6.33723.286
MinimumVisualStudioVersion = 10.0.40219.1
Project("{8BC9CEB8-8B4A-11D0-8D11-00A0C91BC942}") = "SHAloon", "SHAloon\SHAloon.vcxproj", "{362AD111-DFD5-4BBA-8DB1-D23CD621379C}"
EndProject
Project("{9A19103F-16F7-4668-BE54-9A1E7A4F7556}") = "SHAloon_CSharp", "SHAloon_CSharp\SHAloon_CSharp.csproj", "{C8102B4F-7224-48CA-8A95-4F1E8A5D9788}"
	ProjectSection(ProjectDependencies) = postProject
		{362AD111-DFD5-4BBA-8DB1-D23CD621379C} = {362AD111-DFD5-4BBA-8DB1-D23CD621379C}
	EndProjectSection
EndProject
Global
	GlobalSection(SolutionConfigurationPlatforms) = preSolution
		Debug_Without_SHAloon_CSharp_Test|Any CPU = Debug_Without_SHAloon_CSharp_Test|Any CPU
		Debug_Without_SHAloon_CSharp_Test|x64 = Debug_Without_SHAloon_CSharp_Test|x64
		Debug_Without_SHAloon_CSharp_Test|x86 = Debug_Without_SHAloon_CSharp_Test|x86
		Debug|Any CPU = Debug|Any CPU
		Debug|x64 = Debug|x64
		Debug|x86 = Debug|x86
		Release|Any CPU = Release|Any CPU
		Release|x64 = Release|x64
		Release|x86 = Release|x86
	EndGlobalSection
	GlobalSection(ProjectConfigurationPlatforms) = postSolution
		{362AD111-DFD5-4BBA-8DB1-D23CD621379C}.Debug_Without_SHAloon_CSharp_Test|Any CPU.ActiveCfg = Debug|x64
		{362AD111-DFD5-4BBA-8DB1-D23CD621379C}.Debug_Without_SHAloon_CSharp_Test|Any CPU.Build.0 = Debug|x64
		{362AD111-DFD5-4BBA-8DB1-D23CD621379C}.Debug_Without_SHAloon_CSharp_Test|x64.ActiveCfg = Debug|x64
		{362AD111-DFD5-4BBA-8DB1-D23CD621379C}.Debug_Without_SHAloon_CSharp_Test|x64.Build.0 = Debug|x64
		{362AD111-DFD5-4BBA-8DB1-D23CD621379C}.Debug_Without_SHAloon_CSharp_Test|x86.ActiveCfg = Debug|Win32
		{362AD111-DFD5-4BBA-8DB1-D23CD621379C}.Debug|Any CPU.ActiveCfg = Debug|x64
		{362AD111-DFD5-4BBA-8DB1-D23CD621379C}.Debug|Any CPU.Build.0 = Debug|x64
		{362AD111-DFD5-4BBA-8DB1-D23CD621379C}.Debug|x64.ActiveCfg = Debug|x64
		{362AD111-DFD5-4BBA-8DB1-D23CD621379C}.Debug|x64.Build.0 = Debug|x64
		{362AD111-DFD5-4BBA-8DB1-D23CD621379C}.Debug|x86.ActiveCfg = Debug|Win32
		{362AD111-DFD5-4BBA-8DB1-D23CD621379C}.Debug|x86.Build.0 = Debug|Win32
		{362AD111-DFD5-4BBA-8DB1-D23CD621379C}.Release|Any CPU.ActiveCfg = Release|x64
		{362AD111-DFD5-4BBA-8DB1-D23CD621379C}.Release|Any CPU.Build.0 = Release|x64
		{362AD111-DFD5-4BBA-8DB1-D23CD621379C}.Release|x64.ActiveCfg = Release|x64
		{362AD111-DFD5-4BBA-8DB1-D23CD621379C}.Release|x64.Build.0 = Release|x64
		{362AD111-DFD5-4BBA-8DB1-D23CD621379C}.Release|x86.ActiveCfg = Release|Win32
		{362AD111-DFD5-4BBA-8DB1-D23CD621379C}.Release|x86.Build.0 = Release|Win32
		{C8102B4F-7224-48CA-8A95-4F1E8A5D9788}.Debug_Without_SHAloon_CSharp_Test|Any CPU.ActiveCfg = Debug|Any CPU
		{C8102B4F-7224-48CA-8A95-4F1E8A5D9788}.Debug_Without_SHAloon_CSharp_Test|x64.ActiveCfg = Debug|Any CPU
		{C8102B4F-7224-48CA-8A95-4F1E8A5D9788}.Debug_Without_SHAloon_CSharp_Test|x64.Build.0 = Debug|Any CPU
		{C8102B4F-7224-48CA-8A95-4F1E8A5D9788}.Debug_Without_SHAloon_CSharp_Test|x86.ActiveCfg = Debug|Any CPU
		{C8102B4F-7224-48CA-8A95-4F1E8A5D9788}.Debug_Without_SHAloon_CSharp_Test|x86.Build.0 = Debug|Any CPU
		{C8102B4F-7224-48CA-8A95-4F1E8A5D9788}.Debug|Any CPU.ActiveCfg = Debug|Any CPU
		{C8102B4F-7224-48CA-8A95-4F1E8A5D9788}.Debug|Any CPU.Build.0 = Debug|Any CPU
		{C8102B4F-7224-48CA-8A95-4F1E8A5D9788}.Debug|x64.ActiveCfg = Debug|Any CPU
		{C8102B4F-7224-48CA-8A95-4F1E8A5D9788}.Debug|x64.Build.0 = Debug|Any CPU
		{C8102B4F-7224-48CA-8A95-4F1E8A5D9788}.Debug|x86.ActiveCfg = Debug|Any CPU
		{C8102B4F-7224-48CA-8A95-4F1E8A5D9788}.Debug|x86.Build.0 = Debug|Any CPU
		{C8102B4F-7224-48CA-8A95-4F1E8A5D9788}.Release|Any CPU.ActiveCfg = Release|Any CPU
		{C8102B4F-7224-48CA-8A95-4F1E8A5D9788}.Release|Any CPU.Build.0 = Release|Any CPU
		{C8102B4F-7224-48CA-8A95-4F1E8A5D9788}.Release|x64.ActiveCfg = Release|Any CPU
		{C8102B4F-7224-48CA-8A95-4F1E8A5D9788}.Release|x64.Build.0 = Release|Any CPU
		{C8102B4F-7224-48CA-8A95-4F1E8A5D9788}.Release|x86.ActiveCfg = Release|Any CPU
		{C8102B4F-7224-48CA-8A95-4F1E8A5D9788}.Release|x86.Build.0 = Release|Any CPU
	EndGlobalSection
	GlobalSection(SolutionProperties) = preSolution
		HideSolutionNode = FALSE
	EndGlobalSection
	GlobalSection(ExtensibilityGlobals) = postSolution
		SolutionGuid = {C0CA571E-E26B-4543-8673-FE0C4DE313DE}
	EndGlobalSection
EndGlobal
